{
  "object": {
    "pins": [
      {
        "package": "SwiftDI",
        "repositoryURL": "/Users/v.a.prusakov/Dev/MyProj/SwiftDI",
        "state": {
          "branch": "master",
          "revision": "f9157b09b7c65cfc988aad81c718040bbcf21fc0",
          "version": null
        }
      }
    ]
  },
  "version": 1
}
