{
  "object": {
    "pins": [
      {
        "package": "SwiftDI",
        "repositoryURL": "https://github.com/LiteCode/SwiftDI.git",
        "state": {
          "branch": "master",
          "revision": "fc3028f9b0c227ec58f08b7dff856496b8ba997f",
          "version": null
        }
      }
    ]
  },
  "version": 1
}
