{
  "object": {
    "pins": [
      {
        "package": "SwiftDI",
        "repositoryURL": "https://github.com/LiteCode/SwiftDI.git",
        "state": {
          "branch": "master",
          "revision": "43ac969d0f6b39bf1b11445d0b04229dea2c4695",
          "version": null
        }
      }
    ]
  },
  "version": 1
}
