{
  "object": {
    "pins": [
      {
        "package": "SwiftDI",
        "repositoryURL": "https://github.com/LiteCode/SwiftDI.git",
        "state": {
          "branch": "master",
          "revision": "c8dba2514fc04432f70ab44ce2d92aceeaa8a737",
          "version": null
        }
      }
    ]
  },
  "version": 1
}
