// !$*UTF8*$!
{
	archiveVersion = 1;
	classes = {
	};
	objectVersion = 51;
	objects = {

/* Begin PBXBuildFile section */
		CD18D0E622C60567000D3EC3 /* HomeViewModel.swift in Sources */ = {isa = PBXBuildFile; fileRef = CD18D0E522C60567000D3EC3 /* HomeViewModel.swift */; };
		CD3630DF22C4E06400108376 /* AppDelegate.swift in Sources */ = {isa = PBXBuildFile; fileRef = CD3630DE22C4E06400108376 /* AppDelegate.swift */; };
		CD3630E122C4E06400108376 /* SceneDelegate.swift in Sources */ = {isa = PBXBuildFile; fileRef = CD3630E022C4E06400108376 /* SceneDelegate.swift */; };
		CD3630E322C4E06400108376 /* HomeView.swift in Sources */ = {isa = PBXBuildFile; fileRef = CD3630E222C4E06400108376 /* HomeView.swift */; };
		CD3630E522C4E06600108376 /* Assets.xcassets in Resources */ = {isa = PBXBuildFile; fileRef = CD3630E422C4E06600108376 /* Assets.xcassets */; };
		CD3630E822C4E06600108376 /* Preview Assets.xcassets in Resources */ = {isa = PBXBuildFile; fileRef = CD3630E722C4E06600108376 /* Preview Assets.xcassets */; };
		CD3630EB22C4E06600108376 /* LaunchScreen.storyboard in Resources */ = {isa = PBXBuildFile; fileRef = CD3630E922C4E06600108376 /* LaunchScreen.storyboard */; };
		CD546D5822C503AB00A5707D /* ServicesAssembly.swift in Sources */ = {isa = PBXBuildFile; fileRef = CD546D5722C503AB00A5707D /* ServicesAssembly.swift */; };
		CD546D5B22C503D000A5707D /* NetworkService.swift in Sources */ = {isa = PBXBuildFile; fileRef = CD546D5A22C503D000A5707D /* NetworkService.swift */; };
		CD546D5D22C503DB00A5707D /* NetworkServiceInput.swift in Sources */ = {isa = PBXBuildFile; fileRef = CD546D5C22C503DB00A5707D /* NetworkServiceInput.swift */; };
		CD8BBE1022C5033F0082C255 /* HomeAssembly.swift in Sources */ = {isa = PBXBuildFile; fileRef = CD8BBE0F22C5033F0082C255 /* HomeAssembly.swift */; };
		CE2CB7CE597C2E764C0048C3 /* Pods_SwiftDIDemo.framework in Frameworks */ = {isa = PBXBuildFile; fileRef = 4CF3A153B44536651BCFFCE9 /* Pods_SwiftDIDemo.framework */; };
/* End PBXBuildFile section */

/* Begin PBXFileReference section */
		4CA46C2BC2BA4600E1B09431 /* Pods-SwiftDIDemo.debug.xcconfig */ = {isa = PBXFileReference; includeInIndex = 1; lastKnownFileType = text.xcconfig; name = "Pods-SwiftDIDemo.debug.xcconfig"; path = "Target Support Files/Pods-SwiftDIDemo/Pods-SwiftDIDemo.debug.xcconfig"; sourceTree = "<group>"; };
		4CF3A153B44536651BCFFCE9 /* Pods_SwiftDIDemo.framework */ = {isa = PBXFileReference; explicitFileType = wrapper.framework; includeInIndex = 0; path = Pods_SwiftDIDemo.framework; sourceTree = BUILT_PRODUCTS_DIR; };
		AD086B94A320D8607F6BD080 /* Pods-SwiftDIDemo.release.xcconfig */ = {isa = PBXFileReference; includeInIndex = 1; lastKnownFileType = text.xcconfig; name = "Pods-SwiftDIDemo.release.xcconfig"; path = "Target Support Files/Pods-SwiftDIDemo/Pods-SwiftDIDemo.release.xcconfig"; sourceTree = "<group>"; };
		CD18D0E522C60567000D3EC3 /* HomeViewModel.swift */ = {isa = PBXFileReference; lastKnownFileType = sourcecode.swift; path = HomeViewModel.swift; sourceTree = "<group>"; };
		CD22D06322CA26AE00793804 /* Package.swift */ = {isa = PBXFileReference; lastKnownFileType = sourcecode.swift; name = Package.swift; path = ../Package.swift; sourceTree = "<group>"; };
		CD3630DB22C4E06400108376 /* SwiftDIDemo.app */ = {isa = PBXFileReference; explicitFileType = wrapper.application; includeInIndex = 0; path = SwiftDIDemo.app; sourceTree = BUILT_PRODUCTS_DIR; };
		CD3630DE22C4E06400108376 /* AppDelegate.swift */ = {isa = PBXFileReference; lastKnownFileType = sourcecode.swift; path = AppDelegate.swift; sourceTree = "<group>"; };
		CD3630E022C4E06400108376 /* SceneDelegate.swift */ = {isa = PBXFileReference; lastKnownFileType = sourcecode.swift; path = SceneDelegate.swift; sourceTree = "<group>"; };
		CD3630E222C4E06400108376 /* HomeView.swift */ = {isa = PBXFileReference; lastKnownFileType = sourcecode.swift; path = HomeView.swift; sourceTree = "<group>"; };
		CD3630E422C4E06600108376 /* Assets.xcassets */ = {isa = PBXFileReference; lastKnownFileType = folder.assetcatalog; path = Assets.xcassets; sourceTree = "<group>"; };
		CD3630E722C4E06600108376 /* Preview Assets.xcassets */ = {isa = PBXFileReference; lastKnownFileType = folder.assetcatalog; path = "Preview Assets.xcassets"; sourceTree = "<group>"; };
		CD3630EA22C4E06600108376 /* Base */ = {isa = PBXFileReference; lastKnownFileType = file.storyboard; name = Base; path = Base.lproj/LaunchScreen.storyboard; sourceTree = "<group>"; };
		CD3630EC22C4E06600108376 /* Info.plist */ = {isa = PBXFileReference; lastKnownFileType = text.plist.xml; path = Info.plist; sourceTree = "<group>"; };
		CD546D5722C503AB00A5707D /* ServicesAssembly.swift */ = {isa = PBXFileReference; lastKnownFileType = sourcecode.swift; path = ServicesAssembly.swift; sourceTree = "<group>"; };
		CD546D5A22C503D000A5707D /* NetworkService.swift */ = {isa = PBXFileReference; lastKnownFileType = sourcecode.swift; path = NetworkService.swift; sourceTree = "<group>"; };
		CD546D5C22C503DB00A5707D /* NetworkServiceInput.swift */ = {isa = PBXFileReference; lastKnownFileType = sourcecode.swift; path = NetworkServiceInput.swift; sourceTree = "<group>"; };
		CD8BBE0F22C5033F0082C255 /* HomeAssembly.swift */ = {isa = PBXFileReference; lastKnownFileType = sourcecode.swift; path = HomeAssembly.swift; sourceTree = "<group>"; };
/* End PBXFileReference section */

/* Begin PBXFrameworksBuildPhase section */
		CD3630D822C4E06400108376 /* Frameworks */ = {
			isa = PBXFrameworksBuildPhase;
			buildActionMask = 2147483647;
			files = (
				CE2CB7CE597C2E764C0048C3 /* Pods_SwiftDIDemo.framework in Frameworks */,
			);
			runOnlyForDeploymentPostprocessing = 0;
		};
/* End PBXFrameworksBuildPhase section */

/* Begin PBXGroup section */
		46D0032E20577A474144597C /* Pods */ = {
			isa = PBXGroup;
			children = (
				4CA46C2BC2BA4600E1B09431 /* Pods-SwiftDIDemo.debug.xcconfig */,
				AD086B94A320D8607F6BD080 /* Pods-SwiftDIDemo.release.xcconfig */,
			);
			path = Pods;
			sourceTree = "<group>";
		};
		CD18D0E422C60555000D3EC3 /* ViewModel */ = {
			isa = PBXGroup;
			children = (
				CD18D0E522C60567000D3EC3 /* HomeViewModel.swift */,
			);
			path = ViewModel;
			sourceTree = "<group>";
		};
		CD22D06222CA26AE00793804 /* Frameworks */ = {
			isa = PBXGroup;
			children = (
				CD22D06322CA26AE00793804 /* Package.swift */,
				4CF3A153B44536651BCFFCE9 /* Pods_SwiftDIDemo.framework */,
			);
			name = Frameworks;
			sourceTree = "<group>";
		};
		CD3630D222C4E06300108376 = {
			isa = PBXGroup;
			children = (
				CD3630DD22C4E06400108376 /* SwiftDIDemo */,
				CD3630DC22C4E06400108376 /* Products */,
				CD22D06222CA26AE00793804 /* Frameworks */,
				46D0032E20577A474144597C /* Pods */,
			);
			sourceTree = "<group>";
		};
		CD3630DC22C4E06400108376 /* Products */ = {
			isa = PBXGroup;
			children = (
				CD3630DB22C4E06400108376 /* SwiftDIDemo.app */,
			);
			name = Products;
			sourceTree = "<group>";
		};
		CD3630DD22C4E06400108376 /* SwiftDIDemo */ = {
			isa = PBXGroup;
			children = (
				CD8BBE1322C503900082C255 /* Services */,
				CD8BBE0E22C503240082C255 /* Home */,
				CD3630DE22C4E06400108376 /* AppDelegate.swift */,
				CD3630E022C4E06400108376 /* SceneDelegate.swift */,
				CD3630E422C4E06600108376 /* Assets.xcassets */,
				CD3630E922C4E06600108376 /* LaunchScreen.storyboard */,
				CD3630EC22C4E06600108376 /* Info.plist */,
				CD3630E622C4E06600108376 /* Preview Content */,
			);
			path = SwiftDIDemo;
			sourceTree = "<group>";
		};
		CD3630E622C4E06600108376 /* Preview Content */ = {
			isa = PBXGroup;
			children = (
				CD3630E722C4E06600108376 /* Preview Assets.xcassets */,
			);
			path = "Preview Content";
			sourceTree = "<group>";
		};
		CD546D5922C503BA00A5707D /* Network */ = {
			isa = PBXGroup;
			children = (
				CD546D5A22C503D000A5707D /* NetworkService.swift */,
				CD546D5C22C503DB00A5707D /* NetworkServiceInput.swift */,
			);
			path = Network;
			sourceTree = "<group>";
		};
		CD8BBE0E22C503240082C255 /* Home */ = {
			isa = PBXGroup;
			children = (
				CD8BBE1122C5034C0082C255 /* Assembly */,
				CD18D0E422C60555000D3EC3 /* ViewModel */,
				CD8BBE1222C503550082C255 /* View */,
			);
			path = Home;
			sourceTree = "<group>";
		};
		CD8BBE1122C5034C0082C255 /* Assembly */ = {
			isa = PBXGroup;
			children = (
				CD8BBE0F22C5033F0082C255 /* HomeAssembly.swift */,
			);
			path = Assembly;
			sourceTree = "<group>";
		};
		CD8BBE1222C503550082C255 /* View */ = {
			isa = PBXGroup;
			children = (
				CD3630E222C4E06400108376 /* HomeView.swift */,
			);
			path = View;
			sourceTree = "<group>";
		};
		CD8BBE1322C503900082C255 /* Services */ = {
			isa = PBXGroup;
			children = (
				CD546D5922C503BA00A5707D /* Network */,
				CD546D5722C503AB00A5707D /* ServicesAssembly.swift */,
			);
			path = Services;
			sourceTree = "<group>";
		};
/* End PBXGroup section */

/* Begin PBXNativeTarget section */
		CD3630DA22C4E06400108376 /* SwiftDIDemo */ = {
			isa = PBXNativeTarget;
			buildConfigurationList = CD3630EF22C4E06600108376 /* Build configuration list for PBXNativeTarget "SwiftDIDemo" */;
			buildPhases = (
				EF097FDA23B268B300298E79 /* ShellScript */,
				3E2F05544119409BBEB88A7D /* [CP] Check Pods Manifest.lock */,
				CD3630D722C4E06400108376 /* Sources */,
				CD3630D822C4E06400108376 /* Frameworks */,
				CD3630D922C4E06400108376 /* Resources */,
				64940B207F60FF1A2D2FB118 /* [CP] Embed Pods Frameworks */,
			);
			buildRules = (
			);
			dependencies = (
			);
			name = SwiftDIDemo;
			packageProductDependencies = (
			);
			productName = SwiftDIDemo;
			productReference = CD3630DB22C4E06400108376 /* SwiftDIDemo.app */;
			productType = "com.apple.product-type.application";
		};
/* End PBXNativeTarget section */

/* Begin PBXProject section */
		CD3630D322C4E06300108376 /* Project object */ = {
			isa = PBXProject;
			attributes = {
				LastSwiftUpdateCheck = 1100;
				LastUpgradeCheck = 1100;
				ORGANIZATIONNAME = "Vladislav Prusakov";
				TargetAttributes = {
					CD3630DA22C4E06400108376 = {
						CreatedOnToolsVersion = 11.0;
					};
				};
			};
			buildConfigurationList = CD3630D622C4E06300108376 /* Build configuration list for PBXProject "SwiftDIDemo" */;
			compatibilityVersion = "Xcode 9.3";
			developmentRegion = en;
			hasScannedForEncodings = 0;
			knownRegions = (
				en,
				Base,
			);
			mainGroup = CD3630D222C4E06300108376;
			packageReferences = (
			);
			productRefGroup = CD3630DC22C4E06400108376 /* Products */;
			projectDirPath = "";
			projectRoot = "";
			targets = (
				CD3630DA22C4E06400108376 /* SwiftDIDemo */,
			);
		};
/* End PBXProject section */

/* Begin PBXResourcesBuildPhase section */
		CD3630D922C4E06400108376 /* Resources */ = {
			isa = PBXResourcesBuildPhase;
			buildActionMask = 2147483647;
			files = (
				CD3630EB22C4E06600108376 /* LaunchScreen.storyboard in Resources */,
				CD3630E822C4E06600108376 /* Preview Assets.xcassets in Resources */,
				CD3630E522C4E06600108376 /* Assets.xcassets in Resources */,
			);
			runOnlyForDeploymentPostprocessing = 0;
		};
/* End PBXResourcesBuildPhase section */

/* Begin PBXShellScriptBuildPhase section */
		3E2F05544119409BBEB88A7D /* [CP] Check Pods Manifest.lock */ = {
			isa = PBXShellScriptBuildPhase;
			buildActionMask = 2147483647;
			files = (
			);
			inputFileListPaths = (
			);
			inputPaths = (
				"${PODS_PODFILE_DIR_PATH}/Podfile.lock",
				"${PODS_ROOT}/Manifest.lock",
			);
			name = "[CP] Check Pods Manifest.lock";
			outputFileListPaths = (
			);
			outputPaths = (
				"$(DERIVED_FILE_DIR)/Pods-SwiftDIDemo-checkManifestLockResult.txt",
			);
			runOnlyForDeploymentPostprocessing = 0;
			shellPath = /bin/sh;
			shellScript = "diff \"${PODS_PODFILE_DIR_PATH}/Podfile.lock\" \"${PODS_ROOT}/Manifest.lock\" > /dev/null\nif [ $? != 0 ] ; then\n    # print error to STDERR\n    echo \"error: The sandbox is not in sync with the Podfile.lock. Run 'pod install' or update your CocoaPods installation.\" >&2\n    exit 1\nfi\n# This output is used by Xcode 'outputs' to avoid re-running this script phase.\necho \"SUCCESS\" > \"${SCRIPT_OUTPUT_FILE_0}\"\n";
			showEnvVarsInLog = 0;
		};
		64940B207F60FF1A2D2FB118 /* [CP] Embed Pods Frameworks */ = {
			isa = PBXShellScriptBuildPhase;
			buildActionMask = 2147483647;
			files = (
			);
			inputFileListPaths = (
				"${PODS_ROOT}/Target Support Files/Pods-SwiftDIDemo/Pods-SwiftDIDemo-frameworks-${CONFIGURATION}-input-files.xcfilelist",
			);
			name = "[CP] Embed Pods Frameworks";
			outputFileListPaths = (
				"${PODS_ROOT}/Target Support Files/Pods-SwiftDIDemo/Pods-SwiftDIDemo-frameworks-${CONFIGURATION}-output-files.xcfilelist",
			);
			runOnlyForDeploymentPostprocessing = 0;
			shellPath = /bin/sh;
			shellScript = "\"${PODS_ROOT}/Target Support Files/Pods-SwiftDIDemo/Pods-SwiftDIDemo-frameworks.sh\"\n";
			showEnvVarsInLog = 0;
		};
		EF097FDA23B268B300298E79 /* ShellScript */ = {
			isa = PBXShellScriptBuildPhase;
			buildActionMask = 2147483647;
			files = (
			);
			inputFileListPaths = (
			);
			inputPaths = (
			);
			outputFileListPaths = (
			);
			outputPaths = (
			);
			runOnlyForDeploymentPostprocessing = 0;
			shellPath = /bin/sh;
			shellScript = "if which swiftdi >/dev/null; then\n  swiftdi validate ${SRCROOT} --force-error\nelse\n  echo \"warning: SwiftDILint not installed, download from https://github.com/LiteCode/SwiftDI\"\nfi\n";
		};
/* End PBXShellScriptBuildPhase section */

/* Begin PBXSourcesBuildPhase section */
		CD3630D722C4E06400108376 /* Sources */ = {
			isa = PBXSourcesBuildPhase;
			buildActionMask = 2147483647;
			files = (
				CD18D0E622C60567000D3EC3 /* HomeViewModel.swift in Sources */,
				CD3630DF22C4E06400108376 /* AppDelegate.swift in Sources */,
				CD546D5822C503AB00A5707D /* ServicesAssembly.swift in Sources */,
				CD546D5D22C503DB00A5707D /* NetworkServiceInput.swift in Sources */,
				CD3630E122C4E06400108376 /* SceneDelegate.swift in Sources */,
				CD8BBE1022C5033F0082C255 /* HomeAssembly.swift in Sources */,
				CD546D5B22C503D000A5707D /* NetworkService.swift in Sources */,
				CD3630E322C4E06400108376 /* HomeView.swift in Sources */,
			);
			runOnlyForDeploymentPostprocessing = 0;
		};
/* End PBXSourcesBuildPhase section */

/* Begin PBXVariantGroup section */
		CD3630E922C4E06600108376 /* LaunchScreen.storyboard */ = {
			isa = PBXVariantGroup;
			children = (
				CD3630EA22C4E06600108376 /* Base */,
			);
			name = LaunchScreen.storyboard;
			sourceTree = "<group>";
		};
/* End PBXVariantGroup section */

/* Begin XCBuildConfiguration section */
		CD3630ED22C4E06600108376 /* Debug */ = {
			isa = XCBuildConfiguration;
			buildSettings = {
				ALWAYS_SEARCH_USER_PATHS = NO;
				CLANG_ANALYZER_NONNULL = YES;
				CLANG_ANALYZER_NUMBER_OBJECT_CONVERSION = YES_AGGRESSIVE;
				CLANG_CXX_LANGUAGE_STANDARD = "gnu++14";
				CLANG_CXX_LIBRARY = "libc++";
				CLANG_ENABLE_MODULES = YES;
				CLANG_ENABLE_OBJC_ARC = YES;
				CLANG_ENABLE_OBJC_WEAK = YES;
				CLANG_WARN_BLOCK_CAPTURE_AUTORELEASING = YES;
				CLANG_WARN_BOOL_CONVERSION = YES;
				CLANG_WARN_COMMA = YES;
				CLANG_WARN_CONSTANT_CONVERSION = YES;
				CLANG_WARN_DEPRECATED_OBJC_IMPLEMENTATIONS = YES;
				CLANG_WARN_DIRECT_OBJC_ISA_USAGE = YES_ERROR;
				CLANG_WARN_DOCUMENTATION_COMMENTS = YES;
				CLANG_WARN_EMPTY_BODY = YES;
				CLANG_WARN_ENUM_CONVERSION = YES;
				CLANG_WARN_INFINITE_RECURSION = YES;
				CLANG_WARN_INT_CONVERSION = YES;
				CLANG_WARN_NON_LITERAL_NULL_CONVERSION = YES;
				CLANG_WARN_OBJC_IMPLICIT_RETAIN_SELF = YES;
				CLANG_WARN_OBJC_LITERAL_CONVERSION = YES;
				CLANG_WARN_OBJC_ROOT_CLASS = YES_ERROR;
				CLANG_WARN_RANGE_LOOP_ANALYSIS = YES;
				CLANG_WARN_STRICT_PROTOTYPES = YES;
				CLANG_WARN_SUSPICIOUS_MOVE = YES;
				CLANG_WARN_UNGUARDED_AVAILABILITY = YES_AGGRESSIVE;
				CLANG_WARN_UNREACHABLE_CODE = YES;
				CLANG_WARN__DUPLICATE_METHOD_MATCH = YES;
				COPY_PHASE_STRIP = NO;
				DEBUG_INFORMATION_FORMAT = dwarf;
				ENABLE_STRICT_OBJC_MSGSEND = YES;
				ENABLE_TESTABILITY = YES;
				GCC_C_LANGUAGE_STANDARD = gnu11;
				GCC_DYNAMIC_NO_PIC = NO;
				GCC_NO_COMMON_BLOCKS = YES;
				GCC_OPTIMIZATION_LEVEL = 0;
				GCC_PREPROCESSOR_DEFINITIONS = (
					"DEBUG=1",
					"$(inherited)",
				);
				GCC_WARN_64_TO_32_BIT_CONVERSION = YES;
				GCC_WARN_ABOUT_RETURN_TYPE = YES_ERROR;
				GCC_WARN_UNDECLARED_SELECTOR = YES;
				GCC_WARN_UNINITIALIZED_AUTOS = YES_AGGRESSIVE;
				GCC_WARN_UNUSED_FUNCTION = YES;
				GCC_WARN_UNUSED_VARIABLE = YES;
				IPHONEOS_DEPLOYMENT_TARGET = 13.0;
				MTL_ENABLE_DEBUG_INFO = INCLUDE_SOURCE;
				MTL_FAST_MATH = YES;
				ONLY_ACTIVE_ARCH = YES;
				SDKROOT = iphoneos;
				SWIFT_ACTIVE_COMPILATION_CONDITIONS = DEBUG;
				SWIFT_OPTIMIZATION_LEVEL = "-Onone";
			};
			name = Debug;
		};
		CD3630EE22C4E06600108376 /* Release */ = {
			isa = XCBuildConfiguration;
			buildSettings = {
				ALWAYS_SEARCH_USER_PATHS = NO;
				CLANG_ANALYZER_NONNULL = YES;
				CLANG_ANALYZER_NUMBER_OBJECT_CONVERSION = YES_AGGRESSIVE;
				CLANG_CXX_LANGUAGE_STANDARD = "gnu++14";
				CLANG_CXX_LIBRARY = "libc++";
				CLANG_ENABLE_MODULES = YES;
				CLANG_ENABLE_OBJC_ARC = YES;
				CLANG_ENABLE_OBJC_WEAK = YES;
				CLANG_WARN_BLOCK_CAPTURE_AUTORELEASING = YES;
				CLANG_WARN_BOOL_CONVERSION = YES;
				CLANG_WARN_COMMA = YES;
				CLANG_WARN_CONSTANT_CONVERSION = YES;
				CLANG_WARN_DEPRECATED_OBJC_IMPLEMENTATIONS = YES;
				CLANG_WARN_DIRECT_OBJC_ISA_USAGE = YES_ERROR;
				CLANG_WARN_DOCUMENTATION_COMMENTS = YES;
				CLANG_WARN_EMPTY_BODY = YES;
				CLANG_WARN_ENUM_CONVERSION = YES;
				CLANG_WARN_INFINITE_RECURSION = YES;
				CLANG_WARN_INT_CONVERSION = YES;
				CLANG_WARN_NON_LITERAL_NULL_CONVERSION = YES;
				CLANG_WARN_OBJC_IMPLICIT_RETAIN_SELF = YES;
				CLANG_WARN_OBJC_LITERAL_CONVERSION = YES;
				CLANG_WARN_OBJC_ROOT_CLASS = YES_ERROR;
				CLANG_WARN_RANGE_LOOP_ANALYSIS = YES;
				CLANG_WARN_STRICT_PROTOTYPES = YES;
				CLANG_WARN_SUSPICIOUS_MOVE = YES;
				CLANG_WARN_UNGUARDED_AVAILABILITY = YES_AGGRESSIVE;
				CLANG_WARN_UNREACHABLE_CODE = YES;
				CLANG_WARN__DUPLICATE_METHOD_MATCH = YES;
				COPY_PHASE_STRIP = NO;
				DEBUG_INFORMATION_FORMAT = "dwarf-with-dsym";
				ENABLE_NS_ASSERTIONS = NO;
				ENABLE_STRICT_OBJC_MSGSEND = YES;
				GCC_C_LANGUAGE_STANDARD = gnu11;
				GCC_NO_COMMON_BLOCKS = YES;
				GCC_WARN_64_TO_32_BIT_CONVERSION = YES;
				GCC_WARN_ABOUT_RETURN_TYPE = YES_ERROR;
				GCC_WARN_UNDECLARED_SELECTOR = YES;
				GCC_WARN_UNINITIALIZED_AUTOS = YES_AGGRESSIVE;
				GCC_WARN_UNUSED_FUNCTION = YES;
				GCC_WARN_UNUSED_VARIABLE = YES;
				IPHONEOS_DEPLOYMENT_TARGET = 13.0;
				MTL_ENABLE_DEBUG_INFO = NO;
				MTL_FAST_MATH = YES;
				SDKROOT = iphoneos;
				SWIFT_COMPILATION_MODE = wholemodule;
				SWIFT_OPTIMIZATION_LEVEL = "-O";
				VALIDATE_PRODUCT = YES;
			};
			name = Release;
		};
		CD3630F022C4E06600108376 /* Debug */ = {
			isa = XCBuildConfiguration;
			baseConfigurationReference = 4CA46C2BC2BA4600E1B09431 /* Pods-SwiftDIDemo.debug.xcconfig */;
			buildSettings = {
				ASSETCATALOG_COMPILER_APPICON_NAME = AppIcon;
				CODE_SIGN_STYLE = Automatic;
				DEVELOPMENT_ASSET_PATHS = "SwiftDIDemo/Preview\\ Content";
				ENABLE_PREVIEWS = YES;
				INFOPLIST_FILE = SwiftDIDemo/Info.plist;
				IPHONEOS_DEPLOYMENT_TARGET = 13.0;
				LD_RUNPATH_SEARCH_PATHS = (
					"$(inherited)",
					"@executable_path/Frameworks",
				);
				PRODUCT_BUNDLE_IDENTIFIER = dev.litecode.SwiftDIDemo;
				PRODUCT_NAME = "$(TARGET_NAME)";
				SWIFT_VERSION = 5.0;
				TARGETED_DEVICE_FAMILY = "1,2";
			};
			name = Debug;
		};
		CD3630F122C4E06600108376 /* Release */ = {
			isa = XCBuildConfiguration;
			baseConfigurationReference = AD086B94A320D8607F6BD080 /* Pods-SwiftDIDemo.release.xcconfig */;
			buildSettings = {
				ASSETCATALOG_COMPILER_APPICON_NAME = AppIcon;
				CODE_SIGN_STYLE = Automatic;
				DEVELOPMENT_ASSET_PATHS = "SwiftDIDemo/Preview\\ Content";
				ENABLE_PREVIEWS = YES;
				INFOPLIST_FILE = SwiftDIDemo/Info.plist;
				IPHONEOS_DEPLOYMENT_TARGET = 13.0;
				LD_RUNPATH_SEARCH_PATHS = (
					"$(inherited)",
					"@executable_path/Frameworks",
				);
				PRODUCT_BUNDLE_IDENTIFIER = dev.litecode.SwiftDIDemo;
				PRODUCT_NAME = "$(TARGET_NAME)";
				SWIFT_VERSION = 5.0;
				TARGETED_DEVICE_FAMILY = "1,2";
			};
			name = Release;
		};
/* End XCBuildConfiguration section */

/* Begin XCConfigurationList section */
		CD3630D622C4E06300108376 /* Build configuration list for PBXProject "SwiftDIDemo" */ = {
			isa = XCConfigurationList;
			buildConfigurations = (
				CD3630ED22C4E06600108376 /* Debug */,
				CD3630EE22C4E06600108376 /* Release */,
			);
			defaultConfigurationIsVisible = 0;
			defaultConfigurationName = Release;
		};
		CD3630EF22C4E06600108376 /* Build configuration list for PBXNativeTarget "SwiftDIDemo" */ = {
			isa = XCConfigurationList;
			buildConfigurations = (
				CD3630F022C4E06600108376 /* Debug */,
				CD3630F122C4E06600108376 /* Release */,
			);
			defaultConfigurationIsVisible = 0;
			defaultConfigurationName = Release;
		};
/* End XCConfigurationList section */
	};
	rootObject = CD3630D322C4E06300108376 /* Project object */;
}
